
Microsoft Visual Studio Solution File, Format Version 12.00
# Visual Studio Version 16
VisualStudioVersion = 16.0.30804.86
MinimumVisualStudioVersion = 10.0.40219.1
Project("{FAE04EC0-301F-11D3-BF4B-00C04F79EFBC}") = "Pexeso", "Pexeso\Pexeso.csproj", "{598C4B77-A97E-41F8-8F16-95EA5F03A608}"
EndProject
Global
	GlobalSection(SolutionConfigurationPlatforms) = preSolution
		Debug|Any CPU = Debug|Any CPU
		Release|Any CPU = Release|Any CPU
	EndGlobalSection
	GlobalSection(ProjectConfigurationPlatforms) = postSolution
		{598C4B77-A97E-41F8-8F16-95EA5F03A608}.Debug|Any CPU.ActiveCfg = Debug|Any CPU
		{598C4B77-A97E-41F8-8F16-95EA5F03A608}.Debug|Any CPU.Build.0 = Debug|Any CPU
		{598C4B77-A97E-41F8-8F16-95EA5F03A608}.Release|Any CPU.ActiveCfg = Release|Any CPU
		{598C4B77-A97E-41F8-8F16-95EA5F03A608}.Release|Any CPU.Build.0 = Release|Any CPU
	EndGlobalSection
	GlobalSection(SolutionProperties) = preSolution
		HideSolutionNode = FALSE
	EndGlobalSection
	GlobalSection(ExtensibilityGlobals) = postSolution
		SolutionGuid = {CC4D604E-726D-48D7-B49B-17C447428BCE}
	EndGlobalSection
EndGlobal
